
Microsoft Visual Studio Solution File, Format Version 12.00
# Visual Studio 15
VisualStudioVersion = 15.0.26403.0
MinimumVisualStudioVersion = 10.0.40219.1
Project("{FAE04EC0-301F-11D3-BF4B-00C04F79EFBC}") = "RPiLibrary", "RPiLibrary\RPiLibrary.csproj", "{C10DC2DD-F7B3-4A76-9AA1-EC891C80D16A}"
EndProject
Global
	GlobalSection(SolutionConfigurationPlatforms) = preSolution
		Debug|Any CPU = Debug|Any CPU
		Debug|ARM = Debug|ARM
		Debug|x64 = Debug|x64
		Debug|x86 = Debug|x86
		Release|Any CPU = Release|Any CPU
		Release|ARM = Release|ARM
		Release|x64 = Release|x64
		Release|x86 = Release|x86
	EndGlobalSection
	GlobalSection(ProjectConfigurationPlatforms) = postSolution
		{C10DC2DD-F7B3-4A76-9AA1-EC891C80D16A}.Debug|Any CPU.ActiveCfg = Debug|Any CPU
		{C10DC2DD-F7B3-4A76-9AA1-EC891C80D16A}.Debug|Any CPU.Build.0 = Debug|Any CPU
		{C10DC2DD-F7B3-4A76-9AA1-EC891C80D16A}.Debug|ARM.ActiveCfg = Debug|ARM
		{C10DC2DD-F7B3-4A76-9AA1-EC891C80D16A}.Debug|ARM.Build.0 = Debug|ARM
		{C10DC2DD-F7B3-4A76-9AA1-EC891C80D16A}.Debug|x64.ActiveCfg = Debug|x64
		{C10DC2DD-F7B3-4A76-9AA1-EC891C80D16A}.Debug|x64.Build.0 = Debug|x64
		{C10DC2DD-F7B3-4A76-9AA1-EC891C80D16A}.Debug|x86.ActiveCfg = Debug|x86
		{C10DC2DD-F7B3-4A76-9AA1-EC891C80D16A}.Debug|x86.Build.0 = Debug|x86
		{C10DC2DD-F7B3-4A76-9AA1-EC891C80D16A}.Release|Any CPU.ActiveCfg = Release|Any CPU
		{C10DC2DD-F7B3-4A76-9AA1-EC891C80D16A}.Release|Any CPU.Build.0 = Release|Any CPU
		{C10DC2DD-F7B3-4A76-9AA1-EC891C80D16A}.Release|ARM.ActiveCfg = Release|ARM
		{C10DC2DD-F7B3-4A76-9AA1-EC891C80D16A}.Release|ARM.Build.0 = Release|ARM
		{C10DC2DD-F7B3-4A76-9AA1-EC891C80D16A}.Release|x64.ActiveCfg = Release|x64
		{C10DC2DD-F7B3-4A76-9AA1-EC891C80D16A}.Release|x64.Build.0 = Release|x64
		{C10DC2DD-F7B3-4A76-9AA1-EC891C80D16A}.Release|x86.ActiveCfg = Release|x86
		{C10DC2DD-F7B3-4A76-9AA1-EC891C80D16A}.Release|x86.Build.0 = Release|x86
	EndGlobalSection
	GlobalSection(SolutionProperties) = preSolution
		HideSolutionNode = FALSE
	EndGlobalSection
EndGlobal
